
Microsoft Visual Studio Solution File, Format Version 12.00
# Visual Studio Version 16
VisualStudioVersion = 16.0.31702.278
MinimumVisualStudioVersion = 10.0.40219.1
Project("{9A19103F-16F7-4668-BE54-9A1E7A4F7556}") = "Mango.Web", "Mango.Web\Mango.Web.csproj", "{11AB7D00-D254-489F-996A-5B17C4869F3E}"
EndProject
Project("{2150E333-8FDC-42A3-9474-1A3956D46DE8}") = "FrontEnd", "FrontEnd", "{0257B493-87FC-4673-8410-E86DC31B3E5D}"
EndProject
Project("{2150E333-8FDC-42A3-9474-1A3956D46DE8}") = "Services", "Services", "{4C6F281A-9E8F-474C-9BDC-548ECD4DBAFB}"
EndProject
Project("{9A19103F-16F7-4668-BE54-9A1E7A4F7556}") = "Mango.Services.ProductAPI", "Mango.Services.ProductAPI\Mango.Services.ProductAPI.csproj", "{036805D0-BCD6-4637-BD67-2B9C1C2038BF}"
EndProject
Project("{9A19103F-16F7-4668-BE54-9A1E7A4F7556}") = "Mango.Services.Identity", "Mango.Services.Identity\Mango.Services.Identity.csproj", "{FF7695F9-9726-4EF3-9E04-2D4DC4AFC60D}"
EndProject
Project("{9A19103F-16F7-4668-BE54-9A1E7A4F7556}") = "Mango.Services.ShoppingCartAPI", "Mango.Services.ShoppingCartAPI\Mango.Services.ShoppingCartAPI.csproj", "{4499E935-A8B2-4DD6-8221-E6453367FDCF}"
EndProject
Project("{9A19103F-16F7-4668-BE54-9A1E7A4F7556}") = "Mango.Services.CouponAPI", "Mango.Services.CouponAPI\Mango.Services.CouponAPI.csproj", "{695E07B6-4D2F-447C-A31D-9E5CC3AD9E42}"
EndProject
Project("{2150E333-8FDC-42A3-9474-1A3956D46DE8}") = "Integration", "Integration", "{EF60BA6E-22B8-4312-82E2-DC3D64B56287}"
EndProject
Project("{9A19103F-16F7-4668-BE54-9A1E7A4F7556}") = "Mango.MessageBus", "Mango.MessageBus\Mango.MessageBus.csproj", "{760AADD7-8833-48D4-A3E5-A1E9AC647D33}"
EndProject
Project("{9A19103F-16F7-4668-BE54-9A1E7A4F7556}") = "Mango.Services.OrderAPI", "Mango.Services.OrderAPI\Mango.Services.OrderAPI.csproj", "{3A21ED83-9B0C-45E1-BC4F-72066CF96CE9}"
EndProject
Project("{2150E333-8FDC-42A3-9474-1A3956D46DE8}") = "Payments", "Payments", "{00D09544-F74B-4372-BA1A-EA769616AD6B}"
EndProject
Project("{9A19103F-16F7-4668-BE54-9A1E7A4F7556}") = "PaymentProcessor", "PaymentProcessor\PaymentProcessor.csproj", "{4FE30243-3C17-4C12-849C-84897DE02723}"
EndProject
Project("{FAE04EC0-301F-11D3-BF4B-00C04F79EFBC}") = "Mango.Services.PaymentAPI", "Mango.Services.PaymentAPI\Mango.Services.PaymentAPI.csproj", "{A8D08EDF-0CE5-4F44-A254-2F111EC06D63}"
EndProject
Global
	GlobalSection(SolutionConfigurationPlatforms) = preSolution
		Debug|Any CPU = Debug|Any CPU
		Release|Any CPU = Release|Any CPU
	EndGlobalSection
	GlobalSection(ProjectConfigurationPlatforms) = postSolution
		{11AB7D00-D254-489F-996A-5B17C4869F3E}.Debug|Any CPU.ActiveCfg = Debug|Any CPU
		{11AB7D00-D254-489F-996A-5B17C4869F3E}.Debug|Any CPU.Build.0 = Debug|Any CPU
		{11AB7D00-D254-489F-996A-5B17C4869F3E}.Release|Any CPU.ActiveCfg = Release|Any CPU
		{11AB7D00-D254-489F-996A-5B17C4869F3E}.Release|Any CPU.Build.0 = Release|Any CPU
		{036805D0-BCD6-4637-BD67-2B9C1C2038BF}.Debug|Any CPU.ActiveCfg = Debug|Any CPU
		{036805D0-BCD6-4637-BD67-2B9C1C2038BF}.Debug|Any CPU.Build.0 = Debug|Any CPU
		{036805D0-BCD6-4637-BD67-2B9C1C2038BF}.Release|Any CPU.ActiveCfg = Release|Any CPU
		{036805D0-BCD6-4637-BD67-2B9C1C2038BF}.Release|Any CPU.Build.0 = Release|Any CPU
		{FF7695F9-9726-4EF3-9E04-2D4DC4AFC60D}.Debug|Any CPU.ActiveCfg = Debug|Any CPU
		{FF7695F9-9726-4EF3-9E04-2D4DC4AFC60D}.Debug|Any CPU.Build.0 = Debug|Any CPU
		{FF7695F9-9726-4EF3-9E04-2D4DC4AFC60D}.Release|Any CPU.ActiveCfg = Release|Any CPU
		{FF7695F9-9726-4EF3-9E04-2D4DC4AFC60D}.Release|Any CPU.Build.0 = Release|Any CPU
		{4499E935-A8B2-4DD6-8221-E6453367FDCF}.Debug|Any CPU.ActiveCfg = Debug|Any CPU
		{4499E935-A8B2-4DD6-8221-E6453367FDCF}.Debug|Any CPU.Build.0 = Debug|Any CPU
		{4499E935-A8B2-4DD6-8221-E6453367FDCF}.Release|Any CPU.ActiveCfg = Release|Any CPU
		{4499E935-A8B2-4DD6-8221-E6453367FDCF}.Release|Any CPU.Build.0 = Release|Any CPU
		{695E07B6-4D2F-447C-A31D-9E5CC3AD9E42}.Debug|Any CPU.ActiveCfg = Debug|Any CPU
		{695E07B6-4D2F-447C-A31D-9E5CC3AD9E42}.Debug|Any CPU.Build.0 = Debug|Any CPU
		{695E07B6-4D2F-447C-A31D-9E5CC3AD9E42}.Release|Any CPU.ActiveCfg = Release|Any CPU
		{695E07B6-4D2F-447C-A31D-9E5CC3AD9E42}.Release|Any CPU.Build.0 = Release|Any CPU
		{760AADD7-8833-48D4-A3E5-A1E9AC647D33}.Debug|Any CPU.ActiveCfg = Debug|Any CPU
		{760AADD7-8833-48D4-A3E5-A1E9AC647D33}.Debug|Any CPU.Build.0 = Debug|Any CPU
		{760AADD7-8833-48D4-A3E5-A1E9AC647D33}.Release|Any CPU.ActiveCfg = Release|Any CPU
		{760AADD7-8833-48D4-A3E5-A1E9AC647D33}.Release|Any CPU.Build.0 = Release|Any CPU
		{3A21ED83-9B0C-45E1-BC4F-72066CF96CE9}.Debug|Any CPU.ActiveCfg = Debug|Any CPU
		{3A21ED83-9B0C-45E1-BC4F-72066CF96CE9}.Debug|Any CPU.Build.0 = Debug|Any CPU
		{3A21ED83-9B0C-45E1-BC4F-72066CF96CE9}.Release|Any CPU.ActiveCfg = Release|Any CPU
		{3A21ED83-9B0C-45E1-BC4F-72066CF96CE9}.Release|Any CPU.Build.0 = Release|Any CPU
		{4FE30243-3C17-4C12-849C-84897DE02723}.Debug|Any CPU.ActiveCfg = Debug|Any CPU
		{4FE30243-3C17-4C12-849C-84897DE02723}.Debug|Any CPU.Build.0 = Debug|Any CPU
		{4FE30243-3C17-4C12-849C-84897DE02723}.Release|Any CPU.ActiveCfg = Release|Any CPU
		{4FE30243-3C17-4C12-849C-84897DE02723}.Release|Any CPU.Build.0 = Release|Any CPU
		{A8D08EDF-0CE5-4F44-A254-2F111EC06D63}.Debug|Any CPU.ActiveCfg = Debug|Any CPU
		{A8D08EDF-0CE5-4F44-A254-2F111EC06D63}.Debug|Any CPU.Build.0 = Debug|Any CPU
		{A8D08EDF-0CE5-4F44-A254-2F111EC06D63}.Release|Any CPU.ActiveCfg = Release|Any CPU
		{A8D08EDF-0CE5-4F44-A254-2F111EC06D63}.Release|Any CPU.Build.0 = Release|Any CPU
	EndGlobalSection
	GlobalSection(SolutionProperties) = preSolution
		HideSolutionNode = FALSE
	EndGlobalSection
	GlobalSection(NestedProjects) = preSolution
		{11AB7D00-D254-489F-996A-5B17C4869F3E} = {0257B493-87FC-4673-8410-E86DC31B3E5D}
		{036805D0-BCD6-4637-BD67-2B9C1C2038BF} = {4C6F281A-9E8F-474C-9BDC-548ECD4DBAFB}
		{FF7695F9-9726-4EF3-9E04-2D4DC4AFC60D} = {4C6F281A-9E8F-474C-9BDC-548ECD4DBAFB}
		{4499E935-A8B2-4DD6-8221-E6453367FDCF} = {4C6F281A-9E8F-474C-9BDC-548ECD4DBAFB}
		{695E07B6-4D2F-447C-A31D-9E5CC3AD9E42} = {4C6F281A-9E8F-474C-9BDC-548ECD4DBAFB}
		{760AADD7-8833-48D4-A3E5-A1E9AC647D33} = {EF60BA6E-22B8-4312-82E2-DC3D64B56287}
		{3A21ED83-9B0C-45E1-BC4F-72066CF96CE9} = {4C6F281A-9E8F-474C-9BDC-548ECD4DBAFB}
		{4FE30243-3C17-4C12-849C-84897DE02723} = {00D09544-F74B-4372-BA1A-EA769616AD6B}
		{A8D08EDF-0CE5-4F44-A254-2F111EC06D63} = {4C6F281A-9E8F-474C-9BDC-548ECD4DBAFB}
	EndGlobalSection
	GlobalSection(ExtensibilityGlobals) = postSolution
		SolutionGuid = {C44C4924-AA75-43F6-9A86-5640325925AA}
	EndGlobalSection
EndGlobal
